
Microsoft Visual Studio Solution File, Format Version 11.00
# Visual Studio 2010
Project("{FAE04EC0-301F-11D3-BF4B-00C04F79EFBC}") = "Assembly-CSharp", "Assembly-CSharp.csproj", "{42B75313-D45F-FE24-08F8-EBE220643F11}"
EndProject
Project("{FAE04EC0-301F-11D3-BF4B-00C04F79EFBC}") = "Assembly-CSharp-firstpass", "Assembly-CSharp-firstpass.csproj", "{C7DD3F89-88BF-B5DA-3932-9E7EC18C4D86}"
EndProject
Project("{FAE04EC0-301F-11D3-BF4B-00C04F79EFBC}") = "Assembly-CSharp-Editor", "Assembly-CSharp-Editor.csproj", "{D4B31B90-D4E2-97A0-A927-3B172E2AE677}"
EndProject
Global
	GlobalSection(SolutionConfigurationPlatforms) = preSolution
		Debug|Any CPU = Debug|Any CPU
		Release|Any CPU = Release|Any CPU
	EndGlobalSection
	GlobalSection(ProjectConfigurationPlatforms) = postSolution
		{42B75313-D45F-FE24-08F8-EBE220643F11}.Debug|Any CPU.ActiveCfg = Debug|Any CPU
		{42B75313-D45F-FE24-08F8-EBE220643F11}.Debug|Any CPU.Build.0 = Debug|Any CPU
		{42B75313-D45F-FE24-08F8-EBE220643F11}.Release|Any CPU.ActiveCfg = Release|Any CPU
		{42B75313-D45F-FE24-08F8-EBE220643F11}.Release|Any CPU.Build.0 = Release|Any CPU
		{C7DD3F89-88BF-B5DA-3932-9E7EC18C4D86}.Debug|Any CPU.ActiveCfg = Debug|Any CPU
		{C7DD3F89-88BF-B5DA-3932-9E7EC18C4D86}.Debug|Any CPU.Build.0 = Debug|Any CPU
		{C7DD3F89-88BF-B5DA-3932-9E7EC18C4D86}.Release|Any CPU.ActiveCfg = Release|Any CPU
		{C7DD3F89-88BF-B5DA-3932-9E7EC18C4D86}.Release|Any CPU.Build.0 = Release|Any CPU
		{D4B31B90-D4E2-97A0-A927-3B172E2AE677}.Debug|Any CPU.ActiveCfg = Debug|Any CPU
		{D4B31B90-D4E2-97A0-A927-3B172E2AE677}.Debug|Any CPU.Build.0 = Debug|Any CPU
		{D4B31B90-D4E2-97A0-A927-3B172E2AE677}.Release|Any CPU.ActiveCfg = Release|Any CPU
		{D4B31B90-D4E2-97A0-A927-3B172E2AE677}.Release|Any CPU.Build.0 = Release|Any CPU
	EndGlobalSection
	GlobalSection(SolutionProperties) = preSolution
		HideSolutionNode = FALSE
	EndGlobalSection
	GlobalSection(MonoDevelopProperties) = preSolution
		StartupItem = Assembly-CSharp.csproj
	EndGlobalSection
EndGlobal
